Microsoft Visual Studio Solution File, Format Version 12.00
# Visual Studio Version 17
VisualStudioVersion = 17.5.2.0
MinimumVisualStudioVersion = 10.0.40219.1
Project("{FAE04EC0-301F-11D3-BF4B-00C04F79EFBC}") = "Jogar_dados", "Jogar_dados.csproj", "{6FFD5D0D-FCA2-3F24-7DE7-A74E27228162}"
EndProject
Global
	GlobalSection(SolutionConfigurationPlatforms) = preSolution
		Debug|Any CPU = Debug|Any CPU
		Release|Any CPU = Release|Any CPU
	EndGlobalSection
	GlobalSection(ProjectConfigurationPlatforms) = postSolution
		{6FFD5D0D-FCA2-3F24-7DE7-A74E27228162}.Debug|Any CPU.ActiveCfg = Debug|Any CPU
		{6FFD5D0D-FCA2-3F24-7DE7-A74E27228162}.Debug|Any CPU.Build.0 = Debug|Any CPU
		{6FFD5D0D-FCA2-3F24-7DE7-A74E27228162}.Release|Any CPU.ActiveCfg = Release|Any CPU
		{6FFD5D0D-FCA2-3F24-7DE7-A74E27228162}.Release|Any CPU.Build.0 = Release|Any CPU
	EndGlobalSection
	GlobalSection(SolutionProperties) = preSolution
		HideSolutionNode = FALSE
	EndGlobalSection
	GlobalSection(ExtensibilityGlobals) = postSolution
		SolutionGuid = {6165AE36-B162-49BB-B360-B69F92494B19}
	EndGlobalSection
EndGlobal
